
Microsoft Visual Studio Solution File, Format Version 12.00
# Visual Studio Version 17
VisualStudioVersion = 17.9.34728.123
MinimumVisualStudioVersion = 10.0.40219.1
Project("{FAE04EC0-301F-11D3-BF4B-00C04F79EFBC}") = "DAY_5.ITI(Part_2)", "DAY_5.ITI(Part_2).csproj", "{74DA6AF5-BA7A-4BB2-A891-0825DF2E7068}"
EndProject
Global
	GlobalSection(SolutionConfigurationPlatforms) = preSolution
		Debug|Any CPU = Debug|Any CPU
		Release|Any CPU = Release|Any CPU
	EndGlobalSection
	GlobalSection(ProjectConfigurationPlatforms) = postSolution
		{74DA6AF5-BA7A-4BB2-A891-0825DF2E7068}.Debug|Any CPU.ActiveCfg = Debug|Any CPU
		{74DA6AF5-BA7A-4BB2-A891-0825DF2E7068}.Debug|Any CPU.Build.0 = Debug|Any CPU
		{74DA6AF5-BA7A-4BB2-A891-0825DF2E7068}.Release|Any CPU.ActiveCfg = Release|Any CPU
		{74DA6AF5-BA7A-4BB2-A891-0825DF2E7068}.Release|Any CPU.Build.0 = Release|Any CPU
	EndGlobalSection
	GlobalSection(SolutionProperties) = preSolution
		HideSolutionNode = FALSE
	EndGlobalSection
	GlobalSection(ExtensibilityGlobals) = postSolution
		SolutionGuid = {35B47714-3C15-42EB-B41C-B4484EE977D6}
	EndGlobalSection
EndGlobal
