
Microsoft Visual Studio Solution File, Format Version 12.00
# Visual Studio Version 17
VisualStudioVersion = 17.9.34728.123
MinimumVisualStudioVersion = 10.0.40219.1
Project("{FAE04EC0-301F-11D3-BF4B-00C04F79EFBC}") = "DAY_4(ITI)", "DAY_4(ITI).csproj", "{ED8BD610-9BD8-4C56-99F9-76F374C8D0DA}"
EndProject
Global
	GlobalSection(SolutionConfigurationPlatforms) = preSolution
		Debug|Any CPU = Debug|Any CPU
		Release|Any CPU = Release|Any CPU
	EndGlobalSection
	GlobalSection(ProjectConfigurationPlatforms) = postSolution
		{ED8BD610-9BD8-4C56-99F9-76F374C8D0DA}.Debug|Any CPU.ActiveCfg = Debug|Any CPU
		{ED8BD610-9BD8-4C56-99F9-76F374C8D0DA}.Debug|Any CPU.Build.0 = Debug|Any CPU
		{ED8BD610-9BD8-4C56-99F9-76F374C8D0DA}.Release|Any CPU.ActiveCfg = Release|Any CPU
		{ED8BD610-9BD8-4C56-99F9-76F374C8D0DA}.Release|Any CPU.Build.0 = Release|Any CPU
	EndGlobalSection
	GlobalSection(SolutionProperties) = preSolution
		HideSolutionNode = FALSE
	EndGlobalSection
	GlobalSection(ExtensibilityGlobals) = postSolution
		SolutionGuid = {38194245-5CC6-41E3-89F9-06D6868CD09B}
	EndGlobalSection
EndGlobal
