
Microsoft Visual Studio Solution File, Format Version 12.00
# Visual Studio Version 17
VisualStudioVersion = 17.9.34728.123
MinimumVisualStudioVersion = 10.0.40219.1
Project("{FAE04EC0-301F-11D3-BF4B-00C04F79EFBC}") = "Day_4(part_2)", "Day_4(part_2).csproj", "{1F0E17F7-A3C7-49D4-A44A-B74269FB5FDA}"
EndProject
Global
	GlobalSection(SolutionConfigurationPlatforms) = preSolution
		Debug|Any CPU = Debug|Any CPU
		Release|Any CPU = Release|Any CPU
	EndGlobalSection
	GlobalSection(ProjectConfigurationPlatforms) = postSolution
		{1F0E17F7-A3C7-49D4-A44A-B74269FB5FDA}.Debug|Any CPU.ActiveCfg = Debug|Any CPU
		{1F0E17F7-A3C7-49D4-A44A-B74269FB5FDA}.Debug|Any CPU.Build.0 = Debug|Any CPU
		{1F0E17F7-A3C7-49D4-A44A-B74269FB5FDA}.Release|Any CPU.ActiveCfg = Release|Any CPU
		{1F0E17F7-A3C7-49D4-A44A-B74269FB5FDA}.Release|Any CPU.Build.0 = Release|Any CPU
	EndGlobalSection
	GlobalSection(SolutionProperties) = preSolution
		HideSolutionNode = FALSE
	EndGlobalSection
	GlobalSection(ExtensibilityGlobals) = postSolution
		SolutionGuid = {8F9E27D2-1B2D-43BF-982C-F913393F6186}
	EndGlobalSection
EndGlobal
