
Microsoft Visual Studio Solution File, Format Version 12.00
# Visual Studio Version 17
VisualStudioVersion = 17.9.34728.123
MinimumVisualStudioVersion = 10.0.40219.1
Project("{FAE04EC0-301F-11D3-BF4B-00C04F79EFBC}") = "DAY_5.ITI(part_1)", "DAY_5.ITI(part_1).csproj", "{D6242663-EA75-464F-B3F0-DAB13E90D87D}"
EndProject
Global
	GlobalSection(SolutionConfigurationPlatforms) = preSolution
		Debug|Any CPU = Debug|Any CPU
		Release|Any CPU = Release|Any CPU
	EndGlobalSection
	GlobalSection(ProjectConfigurationPlatforms) = postSolution
		{D6242663-EA75-464F-B3F0-DAB13E90D87D}.Debug|Any CPU.ActiveCfg = Debug|Any CPU
		{D6242663-EA75-464F-B3F0-DAB13E90D87D}.Debug|Any CPU.Build.0 = Debug|Any CPU
		{D6242663-EA75-464F-B3F0-DAB13E90D87D}.Release|Any CPU.ActiveCfg = Release|Any CPU
		{D6242663-EA75-464F-B3F0-DAB13E90D87D}.Release|Any CPU.Build.0 = Release|Any CPU
	EndGlobalSection
	GlobalSection(SolutionProperties) = preSolution
		HideSolutionNode = FALSE
	EndGlobalSection
	GlobalSection(ExtensibilityGlobals) = postSolution
		SolutionGuid = {655F8386-3B36-4C37-B928-46BDBDBE42FA}
	EndGlobalSection
EndGlobal
