
Microsoft Visual Studio Solution File, Format Version 12.00
# Visual Studio Version 17
VisualStudioVersion = 17.9.34728.123
MinimumVisualStudioVersion = 10.0.40219.1
Project("{FAE04EC0-301F-11D3-BF4B-00C04F79EFBC}") = "Day_7.ITI(Part_3)", "Day_7.ITI(Part_3).csproj", "{543F9E4D-44DA-4D5F-8E17-0E20A8B53001}"
EndProject
Global
	GlobalSection(SolutionConfigurationPlatforms) = preSolution
		Debug|Any CPU = Debug|Any CPU
		Release|Any CPU = Release|Any CPU
	EndGlobalSection
	GlobalSection(ProjectConfigurationPlatforms) = postSolution
		{543F9E4D-44DA-4D5F-8E17-0E20A8B53001}.Debug|Any CPU.ActiveCfg = Debug|Any CPU
		{543F9E4D-44DA-4D5F-8E17-0E20A8B53001}.Debug|Any CPU.Build.0 = Debug|Any CPU
		{543F9E4D-44DA-4D5F-8E17-0E20A8B53001}.Release|Any CPU.ActiveCfg = Release|Any CPU
		{543F9E4D-44DA-4D5F-8E17-0E20A8B53001}.Release|Any CPU.Build.0 = Release|Any CPU
	EndGlobalSection
	GlobalSection(SolutionProperties) = preSolution
		HideSolutionNode = FALSE
	EndGlobalSection
	GlobalSection(ExtensibilityGlobals) = postSolution
		SolutionGuid = {DD613752-8A58-457E-BF89-1C2675044F53}
	EndGlobalSection
EndGlobal
